{
  "version": 4,
  "terraform_version": "1.5.7",
  "serial": 9,
  "lineage": "d4d15c4b-0dc4-da1f-5821-f0d31fa4ff24",
  "outputs": {},
  "resources": [
    {
      "mode": "managed",
      "type": "aws_instance",
      "name": "nodejs_server",
      "provider": "provider[\"registry.terraform.io/hashicorp/aws\"]",
      "instances": [
        {
          "schema_version": 2,
          "attributes": {
            "ami": "ami-0c33c6bd24cee108b",
            "arn": "arn:aws:ec2:ap-southeast-2:177807775239:instance/i-009b33764eace4be5",
            "associate_public_ip_address": true,
            "availability_zone": "ap-southeast-2b",
            "capacity_reservation_specification": [
              {
                "capacity_reservation_preference": "open",
                "capacity_reservation_target": []
              }
            ],
            "cpu_options": [
              {
                "amd_sev_snp": "",
                "core_count": 1,
                "nested_virtualization": "",
                "threads_per_core": 2
              }
            ],
            "credit_specification": [],
            "disable_api_stop": false,
            "disable_api_termination": false,
            "ebs_block_device": [],
            "ebs_optimized": false,
            "enable_primary_ipv6": null,
            "enclave_options": [
              {
                "enabled": false
              }
            ],
            "ephemeral_block_device": [],
            "force_destroy": false,
            "get_password_data": false,
            "hibernation": false,
            "host_id": "",
            "host_resource_group_arn": null,
            "iam_instance_profile": "",
            "id": "i-009b33764eace4be5",
            "instance_initiated_shutdown_behavior": "stop",
            "instance_lifecycle": "",
            "instance_market_options": [],
            "instance_state": "running",
            "instance_type": "m7i-flex.large",
            "ipv6_address_count": 0,
            "ipv6_addresses": [],
            "key_name": "DevOps-Keys-Pairs",
            "launch_template": [],
            "maintenance_options": [
              {
                "auto_recovery": "default"
              }
            ],
            "metadata_options": [
              {
                "http_endpoint": "enabled",
                "http_protocol_ipv6": "disabled",
                "http_put_response_hop_limit": 2,
                "http_tokens": "required",
                "instance_metadata_tags": "disabled"
              }
            ],
            "monitoring": false,
            "network_interface": [],
            "outpost_arn": "",
            "password_data": "",
            "placement_group": "",
            "placement_group_id": "",
            "placement_partition_number": 0,
            "primary_network_interface": [
              {
                "delete_on_termination": true,
                "network_interface_id": "eni-0374833cad1d01f17"
              }
            ],
            "primary_network_interface_id": "eni-0374833cad1d01f17",
            "private_dns": "ip-172-31-43-223.ap-southeast-2.compute.internal",
            "private_dns_name_options": [
              {
                "enable_resource_name_dns_a_record": false,
                "enable_resource_name_dns_aaaa_record": false,
                "hostname_type": "ip-name"
              }
            ],
            "private_ip": "172.31.43.223",
            "public_dns": "ec2-3-25-224-220.ap-southeast-2.compute.amazonaws.com",
            "public_ip": "3.25.224.220",
            "region": "ap-southeast-2",
            "root_block_device": [
              {
                "delete_on_termination": true,
                "device_name": "/dev/sda1",
                "encrypted": false,
                "iops": 3000,
                "kms_key_id": "",
                "tags": {},
                "tags_all": {},
                "throughput": 125,
                "volume_id": "vol-04ab4c8221ff9c045",
                "volume_size": 8,
                "volume_type": "gp3"
              }
            ],
            "secondary_network_interface": [],
            "secondary_private_ips": [],
            "security_groups": [
              "app_sg20260331161155549200000001"
            ],
            "source_dest_check": true,
            "spot_instance_request_id": "",
            "subnet_id": "subnet-0a4f4499585ba0ee2",
            "tags": {
              "Name": "NodeJS-App-Server"
            },
            "tags_all": {
              "Name": "NodeJS-App-Server"
            },
            "tenancy": "default",
            "timeouts": null,
            "user_data": "#!/bin/bash\n# Log everything to user-data.log\nexec \u003e \u003e(tee /var/log/user-data.log|logger -t user-data -s 2\u003e/dev/console) 2\u003e\u00261\n              \nexport DEBIAN_FRONTEND=noninteractive\n\n# 1. Update \u0026 Install Tools\napt-get update -y\napt-get install -y curl git\n\n# 2. Install Node.js 20 \u0026 PM2\ncurl -fsSL https://deb.nodesource.com/setup_20.x | bash -\napt-get install -y nodejs\nnpm install -g pm2\n\n# 3. Get Public IP (Required for NextAuth)\nTOKEN=$(curl -X PUT \"http://169.254.169.254/latest/api/token\" -H \"X-aws-ec2-metadata-token-ttl-seconds: 21600\")\nPUBLIC_IP=$(curl -H \"X-aws-ec2-metadata-token: $TOKEN\" http://169.254.169.254/latest/meta-data/public-ipv4)\n\n# 4. Setup Application\ncd /home/ubuntu\ngit clone https://github.com/kzVerif/ksrv-version1.git\ncd ksrv-version1\n\n# 5. Create .env file\ncat \u003c\u003cEOT \u003e .env\nSECRET_KEY_SLIP2GO=NtV+IUStnWRj7b9ngwDAIKUm_PZ8As0l_W5SpnikJFI=\nNEXTAUTH_SECRET=ksrv-betaVersion\nDATABASE_URL=\"mysql://2QFBcvJ2XJD681X.root:timchFOjFarN4Nyn@gateway01.ap-southeast-1.prod.aws.tidbcloud.com:4000/devOps?sslaccept=strict\u0026connection_limit=5\"\nNEXT_PUBLIC_TURNSTILE_SITE_KEY=0x4AAAAAACBFFBiBs1Aq5a2W\nNEXTAUTH_URL=http://$PUBLIC_IP:3000\nEOT\n\n# 6. Build and Start App\nchown -R ubuntu:ubuntu /home/ubuntu/ksrv-version1\nsudo -u ubuntu npm install\nsudo -u ubuntu npx prisma generate\nsudo -u ubuntu npm run build\n\n# 7. Start with PM2 to keep it running\nsudo -u ubuntu pm2 start npm --name \"next-app\" -- start\nsudo -u ubuntu pm2 save\n              \necho \"Deployment Finished\"\n",
            "user_data_base64": null,
            "user_data_replace_on_change": true,
            "volume_tags": null,
            "vpc_security_group_ids": [
              "sg-0e4e2bbc73921297c"
            ]
          },
          "sensitive_attributes": [],
          "private": "eyJlMmJmYjczMC1lY2FhLTExZTYtOGY4OC0zNDM2M2JjN2M0YzAiOnsiY3JlYXRlIjo2MDAwMDAwMDAwMDAsImRlbGV0ZSI6MTIwMDAwMDAwMDAwMCwicmVhZCI6OTAwMDAwMDAwMDAwLCJ1cGRhdGUiOjYwMDAwMDAwMDAwMH0sInNjaGVtYV92ZXJzaW9uIjoiMiJ9",
          "dependencies": [
            "aws_security_group.app_sg"
          ]
        }
      ]
    },
    {
      "mode": "managed",
      "type": "aws_security_group",
      "name": "app_sg",
      "provider": "provider[\"registry.terraform.io/hashicorp/aws\"]",
      "instances": [
        {
          "schema_version": 1,
          "attributes": {
            "arn": "arn:aws:ec2:ap-southeast-2:177807775239:security-group/sg-0e4e2bbc73921297c",
            "description": "Security Group for App and DB",
            "egress": [
              {
                "cidr_blocks": [
                  "0.0.0.0/0"
                ],
                "description": "",
                "from_port": 0,
                "ipv6_cidr_blocks": [],
                "prefix_list_ids": [],
                "protocol": "-1",
                "security_groups": [],
                "self": false,
                "to_port": 0
              }
            ],
            "id": "sg-0e4e2bbc73921297c",
            "ingress": [
              {
                "cidr_blocks": [
                  "0.0.0.0/0"
                ],
                "description": "",
                "from_port": 22,
                "ipv6_cidr_blocks": [],
                "prefix_list_ids": [],
                "protocol": "tcp",
                "security_groups": [],
                "self": false,
                "to_port": 22
              },
              {
                "cidr_blocks": [
                  "0.0.0.0/0"
                ],
                "description": "",
                "from_port": 3000,
                "ipv6_cidr_blocks": [],
                "prefix_list_ids": [],
                "protocol": "tcp",
                "security_groups": [],
                "self": false,
                "to_port": 3000
              },
              {
                "cidr_blocks": [
                  "0.0.0.0/0"
                ],
                "description": "",
                "from_port": 80,
                "ipv6_cidr_blocks": [],
                "prefix_list_ids": [],
                "protocol": "tcp",
                "security_groups": [],
                "self": false,
                "to_port": 80
              }
            ],
            "name": "app_sg20260331161155549200000001",
            "name_prefix": "app_sg",
            "owner_id": "177807775239",
            "region": "ap-southeast-2",
            "revoke_rules_on_delete": false,
            "tags": {},
            "tags_all": {},
            "timeouts": null,
            "vpc_id": "vpc-0b103f433b13d9896"
          },
          "sensitive_attributes": [],
          "private": "eyJlMmJmYjczMC1lY2FhLTExZTYtOGY4OC0zNDM2M2JjN2M0YzAiOnsiY3JlYXRlIjo2MDAwMDAwMDAwMDAsImRlbGV0ZSI6OTAwMDAwMDAwMDAwfSwic2NoZW1hX3ZlcnNpb24iOiIxIn0="
        }
      ]
    }
  ],
  "check_results": null
}
